
Microsoft Visual Studio Solution File, Format Version 12.00
# Visual Studio Version 16
VisualStudioVersion = 16.0.810.16
MinimumVisualStudioVersion = 10.0.40219.1
Project("{9A19103F-16F7-4668-BE54-9A1E7A4F7556}") = "RhAutoCADBridge", "RhAutoCADBridge\RhAutoCADBridge.csproj", "{468B9188-75D5-4A53-BD33-8CEF3DB4E14C}"
EndProject
Project("{9A19103F-16F7-4668-BE54-9A1E7A4F7556}") = "RhAutoCADBridge.Win", "RhAutoCADBridge\RhAutoCADBridge.Win.csproj", "{79C0254D-E6AE-4B84-AB40-DBDCBCBC85EA}"
EndProject
Global
	GlobalSection(SolutionConfigurationPlatforms) = preSolution
		Debug|Any CPU = Debug|Any CPU
		Release|Any CPU = Release|Any CPU
	EndGlobalSection
	GlobalSection(ProjectConfigurationPlatforms) = postSolution
		{468B9188-75D5-4A53-BD33-8CEF3DB4E14C}.Debug|Any CPU.ActiveCfg = Debug|Any CPU
		{468B9188-75D5-4A53-BD33-8CEF3DB4E14C}.Debug|Any CPU.Build.0 = Debug|Any CPU
		{468B9188-75D5-4A53-BD33-8CEF3DB4E14C}.Release|Any CPU.ActiveCfg = Release|Any CPU
		{468B9188-75D5-4A53-BD33-8CEF3DB4E14C}.Release|Any CPU.Build.0 = Release|Any CPU
		{79C0254D-E6AE-4B84-AB40-DBDCBCBC85EA}.Debug|Any CPU.ActiveCfg = Debug|Any CPU
		{79C0254D-E6AE-4B84-AB40-DBDCBCBC85EA}.Debug|Any CPU.Build.0 = Debug|Any CPU
		{79C0254D-E6AE-4B84-AB40-DBDCBCBC85EA}.Release|Any CPU.ActiveCfg = Release|Any CPU
		{79C0254D-E6AE-4B84-AB40-DBDCBCBC85EA}.Release|Any CPU.Build.0 = Release|Any CPU
	EndGlobalSection
	GlobalSection(SolutionProperties) = preSolution
		HideSolutionNode = FALSE
	EndGlobalSection
	GlobalSection(ExtensibilityGlobals) = postSolution
		SolutionGuid = {269421EE-0A06-4DB4-A53E-68E308BC6EE9}
	EndGlobalSection
	GlobalSection(MonoDevelopProperties) = preSolution
		Policies = $0
		$0.DotNetNamingPolicy = $1
		$1.DirectoryNamespaceAssociation = PrefixedHierarchical
		$0.TextStylePolicy = $2
		$2.FileWidth = 80
		$2.TabsToSpaces = True
		$2.scope = text/plain
		$0.VersionControlPolicy = $3
		version = 0.2
	EndGlobalSection
EndGlobal
